
Microsoft Visual Studio Solution File, Format Version 11.00
# Visual Studio 2010
# SharpDevelop 5.1
Project("{FAE04EC0-301F-11D3-BF4B-00C04F79EFBC}") = "AdiIRC Encrypt", "AdiIRC Encrypt.csproj", "{B9AE91C9-D108-4D9D-A2F1-6BBD339A63BE}"
EndProject
Global
	GlobalSection(SolutionConfigurationPlatforms) = preSolution
		Debug|Any CPU = Debug|Any CPU
		Release|Any CPU = Release|Any CPU
	EndGlobalSection
	GlobalSection(ProjectConfigurationPlatforms) = postSolution
		{B9AE91C9-D108-4D9D-A2F1-6BBD339A63BE}.Debug|Any CPU.ActiveCfg = Debug|Any CPU
		{B9AE91C9-D108-4D9D-A2F1-6BBD339A63BE}.Debug|Any CPU.Build.0 = Debug|Any CPU
		{B9AE91C9-D108-4D9D-A2F1-6BBD339A63BE}.Release|Any CPU.ActiveCfg = Release|Any CPU
		{B9AE91C9-D108-4D9D-A2F1-6BBD339A63BE}.Release|Any CPU.Build.0 = Release|Any CPU
	EndGlobalSection
EndGlobal
